# THIS IS AN AUTOGENERATED FILE. DO NOT EDIT THIS FILE DIRECTLY.
# yarn lockfile v1


clean-stack@^5.0.1:
  version "5.1.0"
  resolved "https://registry.yarnpkg.com/clean-stack/-/clean-stack-5.1.0.tgz#56ed4531141724a6a74f8593bd90c6e1b3e26dc1"
  integrity sha512-OvcHXysP+g24vnqjX6vnYJnlswWzWbHWTbHpHWtT2tJW5D//NeIlXZmMiY297KC/6DbvVwy1BarEJ1whGVjX+g==
  dependencies:
    escape-string-regexp "5.0.0"

error-class-utils@^2.4.0, error-class-utils@^2.5.0:
  version "2.5.0"
  resolved "https://registry.yarnpkg.com/error-class-utils/-/error-class-utils-2.5.0.tgz#7dfa3fc09efb8714156d4953716b189c5f545736"
  integrity sha512-Q6EU8/wpjQzYAMWpvb8gIKPcRgP6odDpx5i3svG+uxLcO4tvA2Tn0SRL1I5f0j3WA6PnWmcQKpY+gGg2huV7ZQ==

error-custom-class@^8.4.0:
  version "8.4.0"
  resolved "https://registry.yarnpkg.com/error-custom-class/-/error-custom-class-8.4.0.tgz#e465671a2ca65df675db0d369c67c3383af50c6d"
  integrity sha512-WS8v14AVXtyNHgORTInJkKEc7xA4NDXLyUnNGR2QpkuiF1WQuok/GqGpmNqWwNvSKxxHvCOZ8Kj+wiSUPpT3ag==
  dependencies:
    error-class-utils "^2.4.0"

escape-string-regexp@5.0.0:
  version "5.0.0"
  resolved "https://registry.yarnpkg.com/escape-string-regexp/-/escape-string-regexp-5.0.0.tgz#4683126b500b61762f2dbebace1806e8be31b1c8"
  integrity sha512-/veY75JbMK4j1yjvuUxuVsiS/hr/4iHs9FTT6cgTexxdE0Ly/glccBAkloH/DofkjRbZU3bnoj38mOmhkZ0lHw==

filter-obj@^5.1.0:
  version "5.1.0"
  resolved "https://registry.yarnpkg.com/filter-obj/-/filter-obj-5.1.0.tgz#5bd89676000a713d7db2e197f660274428e524ed"
  integrity sha512-qWeTREPoT7I0bifpPUXtxkZJ1XJzxWtfoWWkdVGqa+eCr3SHW/Ocp89o8vLvbUuQnadybJpjOKu4V+RwO6sGng==

is-error-instance@^1.3.0:
  version "1.6.0"
  resolved "https://registry.yarnpkg.com/is-error-instance/-/is-error-instance-1.6.0.tgz#653730c20348d8c1c23b77044e80b7cd16c818df"
  integrity sha512-/hwL1b641Mqr86zH9RMueUCdmDq+iH2hK2uG5xkjHknBHK78Ft54m88R7JOC5eJnyDY8sYdyPBUT0uQ3You6Zw==

is-plain-obj@^4.1.0:
  version "4.1.0"
  resolved "https://registry.yarnpkg.com/is-plain-obj/-/is-plain-obj-4.1.0.tgz#d65025edec3657ce032fd7db63c97883eaed71f0"
  integrity sha512-+Pgi+vMuUNkJyExiMBt5IlFoMyKnr5zhJ4Uspz58WOhBF5QoIZkFyNHIbBAtHwzVAgk5RtndVNsDRN61/mmDqg==

merge-error-cause@^3.5.0:
  version "3.5.0"
  resolved "https://registry.yarnpkg.com/merge-error-cause/-/merge-error-cause-3.5.0.tgz#41966c88d1923565a7933d5b16ed57e8a4f684c9"
  integrity sha512-VHh0HFeXvNMqZNLVYkSRqVzpNpit9yMHS2xjdL2KK3SigDbVWV0InW73WlfYUGvG7FopU7X6x2Jb1XazBfmIQQ==
  dependencies:
    normalize-exception "^2.11.0"
    set-error-class "^1.5.0"
    set-error-props "^4.0.0"
    wrap-error-message "^1.0.0"

modern-errors-clean@^3.1.0:
  version "3.1.0"
  resolved "https://registry.yarnpkg.com/modern-errors-clean/-/modern-errors-clean-3.1.0.tgz#5da642c67356c5378c4ae64f5c9d17c2c9d5378c"
  integrity sha512-rzud/PYFfhALBPTU0WQev/NnflISq32QeLFwv5QQ/1tgz0ovvr/2P7V41eCHkmedoMwVfX6Env8d+GUPdxbXVw==
  dependencies:
    clean-stack "^5.0.1"

modern-errors@^5.5.3:
  version "5.5.3"
  resolved "https://registry.yarnpkg.com/modern-errors/-/modern-errors-5.5.3.tgz#7dfb4e9517e3fdb8fa8ed6677e844a7a13f2e847"
  integrity sha512-7NZInJl1owlJxaP8zJ9B3dUZ3ncdboNY+4SGoiwJfDUN7Jig72mfbGWbRfUG6ghuWeq1n6BRDHxih+QbZZHLsA==
  dependencies:
    error-class-utils "^2.5.0"
    error-custom-class "^8.4.0"
    filter-obj "^5.1.0"
    is-plain-obj "^4.1.0"
    merge-error-cause "^3.5.0"
    normalize-exception "^2.11.0"
    set-error-message "^1.6.0"
    set-error-props "^4.0.0"
    set-error-stack "^1.0.0"

normalize-exception@^2.11.0:
  version "2.11.0"
  resolved "https://registry.yarnpkg.com/normalize-exception/-/normalize-exception-2.11.0.tgz#409c7750617ff75a9d2af3c55abeca853d3a84ad"
  integrity sha512-pm61RNZN6qLO4TqRrFCM0OQdUYxEYVfFM1pWnYGfu5bAjKc9xsebC/bHIS2GV9a2vl9CtPP6FVDjY3zslWk6Bg==
  dependencies:
    is-error-instance "^1.3.0"
    is-plain-obj "^4.1.0"

redefine-property@^1.0.0:
  version "1.0.2"
  resolved "https://registry.yarnpkg.com/redefine-property/-/redefine-property-1.0.2.tgz#04dfa016817995ee9f06f88436210cc6a9f3f42f"
  integrity sha512-M/bLXdbI3mEZKkFFLc7IxYk0LK33ZpVo4tHLc/5ln+F6+3UeUf/WFs07P8zeP556iFpMJ3A1MZxc5eauL9XGHQ==
  dependencies:
    is-plain-obj "^4.1.0"

set-error-class@^1.5.0:
  version "1.6.0"
  resolved "https://registry.yarnpkg.com/set-error-class/-/set-error-class-1.6.0.tgz#09659444617c5822e50f0ef8e5ac628f0e640e94"
  integrity sha512-k9191t6hKqAVJru8QAaOeqX+LpXksZprKUPWiItEh5A2cX8dC6pQsUpBEFU+7fXJ9+Yo9ExvMaUPEyTqqeSRKA==
  dependencies:
    normalize-exception "^2.11.0"

set-error-message@^1.6.0:
  version "1.6.0"
  resolved "https://registry.yarnpkg.com/set-error-message/-/set-error-message-1.6.0.tgz#747c1505f843a8913f5a3f1535f40e72ab65e734"
  integrity sha512-shoEDvQlZ4SudotBoKCfHBghsSfig8qCRyeQ3GmbCV/VG5oxn+269uTMJDM/RmAmKlFryPJxY0UNr4fwxIiieA==
  dependencies:
    normalize-exception "^2.11.0"

set-error-props@^4.0.0:
  version "4.0.0"
  resolved "https://registry.yarnpkg.com/set-error-props/-/set-error-props-4.0.0.tgz#1dbfbebe9a70478645f37d3254768e767dbe20aa"
  integrity sha512-cJdKFPIsXA/wvlCD89fTqZ4nmXR7X+P9/KEHgnFFNDuVqw0ym9oPgaLjaAQ3YLfb2XXbxqpdzWsR6djLUECn5Q==
  dependencies:
    is-error-instance "^1.3.0"
    is-plain-obj "^4.1.0"
    redefine-property "^1.0.0"

set-error-stack@^1.0.0:
  version "1.0.0"
  resolved "https://registry.yarnpkg.com/set-error-stack/-/set-error-stack-1.0.0.tgz#b99a6f30cf50739f54e4c25f31a9ea412695aa67"
  integrity sha512-putUG6P5+JoZY9nazLnbBkcNAFOuOHBEEhpi639sHlPrDBz7i6F7CqMuWR/gnuzc2UIa2CuQTqYKnrNjbuax4Q==
  dependencies:
    normalize-exception "^2.11.0"

typescript@^4.9.5:
  version "4.9.5"
  resolved "https://registry.yarnpkg.com/typescript/-/typescript-4.9.5.tgz#095979f9bcc0d09da324d58d03ce8f8374cbe65a"
  integrity sha512-1FXk9E2Hm+QzZQ7z+McJiHL4NW1F2EzMu9Nq9i3zAaGqibafqYwCVU6WyWAuyQRRzOlxou8xZSyXLEN8oKj24g==

wrap-error-message@^1.0.0:
  version "1.0.0"
  resolved "https://registry.yarnpkg.com/wrap-error-message/-/wrap-error-message-1.0.0.tgz#9d039361b0e0f62f6dafed62a1e3b58f0ed9fe7f"
  integrity sha512-axCHQQYrkUaKPCj+BP0emCB++Lzq8Fa1Vba3qPeDbdKyfvypjX6i10KaAoLcRt6Mq0M9peONc6GEzM/XqXNniw==
  dependencies:
    normalize-exception "^2.11.0"
    set-error-message "^1.6.0"
